
Microsoft Visual Studio Solution File, Format Version 12.00
# Visual Studio Version 17
VisualStudioVersion = 17.6.33815.320
MinimumVisualStudioVersion = 10.0.40219.1
Project("{9A19103F-16F7-4668-BE54-9A1E7A4F7556}") = "AutoReconnect-Remastered", "AutoReconnect-Remastered\AutoReconnect-Remastered.csproj", "{557EF629-D703-45E3-8834-F9977A540AF3}"
EndProject
Global
	GlobalSection(SolutionConfigurationPlatforms) = preSolution
		Debug|Any CPU = Debug|Any CPU
		Debug|x64 = Debug|x64
		Release|Any CPU = Release|Any CPU
		Release|x64 = Release|x64
	EndGlobalSection
	GlobalSection(ProjectConfigurationPlatforms) = postSolution
		{557EF629-D703-45E3-8834-F9977A540AF3}.Debug|Any CPU.ActiveCfg = Debug|Any CPU
		{557EF629-D703-45E3-8834-F9977A540AF3}.Debug|Any CPU.Build.0 = Debug|Any CPU
		{557EF629-D703-45E3-8834-F9977A540AF3}.Debug|x64.ActiveCfg = Debug|x64
		{557EF629-D703-45E3-8834-F9977A540AF3}.Debug|x64.Build.0 = Debug|x64
		{557EF629-D703-45E3-8834-F9977A540AF3}.Release|Any CPU.ActiveCfg = Release|Any CPU
		{557EF629-D703-45E3-8834-F9977A540AF3}.Release|Any CPU.Build.0 = Release|Any CPU
		{557EF629-D703-45E3-8834-F9977A540AF3}.Release|x64.ActiveCfg = Release|x64
		{557EF629-D703-45E3-8834-F9977A540AF3}.Release|x64.Build.0 = Release|x64
	EndGlobalSection
	GlobalSection(SolutionProperties) = preSolution
		HideSolutionNode = FALSE
	EndGlobalSection
	GlobalSection(ExtensibilityGlobals) = postSolution
		SolutionGuid = {6C7DA696-C2C9-47B1-919B-5CE2ECAD5589}
	EndGlobalSection
EndGlobal
